
Microsoft Visual Studio Solution File, Format Version 12.00
# Visual Studio Express 15 for Windows Desktop
VisualStudioVersion = 15.0.28307.168
MinimumVisualStudioVersion = 10.0.40219.1
Project("{FAE04EC0-301F-11D3-BF4B-00C04F79EFBC}") = "Entidades", "Entidades\Entidades.csproj", "{4BBD54A7-B327-4289-B4C6-4FFAF2EBE517}"
EndProject
Project("{FAE04EC0-301F-11D3-BF4B-00C04F79EFBC}") = "MiCalculadora", "MiCalculadora\MiCalculadora.csproj", "{83D05960-6FBA-4654-B884-B29AFADEB9EB}"
EndProject
Global
	GlobalSection(SolutionConfigurationPlatforms) = preSolution
		Debug|Any CPU = Debug|Any CPU
		Release|Any CPU = Release|Any CPU
	EndGlobalSection
	GlobalSection(ProjectConfigurationPlatforms) = postSolution
		{4BBD54A7-B327-4289-B4C6-4FFAF2EBE517}.Debug|Any CPU.ActiveCfg = Debug|Any CPU
		{4BBD54A7-B327-4289-B4C6-4FFAF2EBE517}.Debug|Any CPU.Build.0 = Debug|Any CPU
		{4BBD54A7-B327-4289-B4C6-4FFAF2EBE517}.Release|Any CPU.ActiveCfg = Release|Any CPU
		{4BBD54A7-B327-4289-B4C6-4FFAF2EBE517}.Release|Any CPU.Build.0 = Release|Any CPU
		{83D05960-6FBA-4654-B884-B29AFADEB9EB}.Debug|Any CPU.ActiveCfg = Debug|Any CPU
		{83D05960-6FBA-4654-B884-B29AFADEB9EB}.Debug|Any CPU.Build.0 = Debug|Any CPU
		{83D05960-6FBA-4654-B884-B29AFADEB9EB}.Release|Any CPU.ActiveCfg = Release|Any CPU
		{83D05960-6FBA-4654-B884-B29AFADEB9EB}.Release|Any CPU.Build.0 = Release|Any CPU
	EndGlobalSection
	GlobalSection(SolutionProperties) = preSolution
		HideSolutionNode = FALSE
	EndGlobalSection
	GlobalSection(ExtensibilityGlobals) = postSolution
		SolutionGuid = {E783A941-FE2B-404F-A2D5-E715F2432F50}
	EndGlobalSection
EndGlobal
