
Microsoft Visual Studio Solution File, Format Version 12.00
# Visual Studio Express 15 for Windows Desktop
VisualStudioVersion = 15.0.28307.168
MinimumVisualStudioVersion = 10.0.40219.1
Project("{FAE04EC0-301F-11D3-BF4B-00C04F79EFBC}") = "MainCorreo", "MainCorreo\MainCorreo.csproj", "{8ABDF174-4316-4196-B9CB-117B00F35E8B}"
EndProject
Project("{FAE04EC0-301F-11D3-BF4B-00C04F79EFBC}") = "Entidades", "Entidades\Entidades.csproj", "{33524AA6-AC38-4C68-98BD-999937C0D7C5}"
EndProject
Project("{FAE04EC0-301F-11D3-BF4B-00C04F79EFBC}") = "TestUnitarios", "TestUnitarios\TestUnitarios.csproj", "{08D6562C-8BAD-469E-A719-C225999A7FFC}"
EndProject
Global
	GlobalSection(SolutionConfigurationPlatforms) = preSolution
		Debug|Any CPU = Debug|Any CPU
		Release|Any CPU = Release|Any CPU
	EndGlobalSection
	GlobalSection(ProjectConfigurationPlatforms) = postSolution
		{8ABDF174-4316-4196-B9CB-117B00F35E8B}.Debug|Any CPU.ActiveCfg = Debug|Any CPU
		{8ABDF174-4316-4196-B9CB-117B00F35E8B}.Debug|Any CPU.Build.0 = Debug|Any CPU
		{8ABDF174-4316-4196-B9CB-117B00F35E8B}.Release|Any CPU.ActiveCfg = Release|Any CPU
		{8ABDF174-4316-4196-B9CB-117B00F35E8B}.Release|Any CPU.Build.0 = Release|Any CPU
		{33524AA6-AC38-4C68-98BD-999937C0D7C5}.Debug|Any CPU.ActiveCfg = Debug|Any CPU
		{33524AA6-AC38-4C68-98BD-999937C0D7C5}.Debug|Any CPU.Build.0 = Debug|Any CPU
		{33524AA6-AC38-4C68-98BD-999937C0D7C5}.Release|Any CPU.ActiveCfg = Release|Any CPU
		{33524AA6-AC38-4C68-98BD-999937C0D7C5}.Release|Any CPU.Build.0 = Release|Any CPU
		{08D6562C-8BAD-469E-A719-C225999A7FFC}.Debug|Any CPU.ActiveCfg = Debug|Any CPU
		{08D6562C-8BAD-469E-A719-C225999A7FFC}.Debug|Any CPU.Build.0 = Debug|Any CPU
		{08D6562C-8BAD-469E-A719-C225999A7FFC}.Release|Any CPU.ActiveCfg = Release|Any CPU
		{08D6562C-8BAD-469E-A719-C225999A7FFC}.Release|Any CPU.Build.0 = Release|Any CPU
	EndGlobalSection
	GlobalSection(SolutionProperties) = preSolution
		HideSolutionNode = FALSE
	EndGlobalSection
	GlobalSection(ExtensibilityGlobals) = postSolution
		SolutionGuid = {CC6EE8C2-9863-4484-96F6-6ED454E385B0}
	EndGlobalSection
EndGlobal
