
Microsoft Visual Studio Solution File, Format Version 12.00
# Visual Studio 15
VisualStudioVersion = 15.0.27703.2047
MinimumVisualStudioVersion = 10.0.40219.1
Project("{FAE04EC0-301F-11D3-BF4B-00C04F79EFBC}") = "Clases Abstractas", "Clases Abstractas\Clases Abstractas.csproj", "{FB7E29BF-F747-4B28-B598-E7267BB739DF}"
EndProject
Project("{FAE04EC0-301F-11D3-BF4B-00C04F79EFBC}") = "Archivos", "Archivos\Archivos.csproj", "{96E14F36-86A5-4F88-82A6-CF30B357D93A}"
EndProject
Project("{FAE04EC0-301F-11D3-BF4B-00C04F79EFBC}") = "Clases Instanciables", "Clases Instanciables\Clases Instanciables.csproj", "{A4CDB5AA-E9FF-4323-B822-11D52C21B309}"
EndProject
Project("{FAE04EC0-301F-11D3-BF4B-00C04F79EFBC}") = "Excepciones", "Excepciones\Excepciones.csproj", "{C473D2DE-2259-4C1D-BA73-2B32E1DA88D2}"
EndProject
Project("{FAE04EC0-301F-11D3-BF4B-00C04F79EFBC}") = "SalidaPorPantalla", "SalidaPorPantalla\SalidaPorPantalla.csproj", "{0255E131-E0CD-45D9-A55B-DD054975F0D7}"
EndProject
Project("{FAE04EC0-301F-11D3-BF4B-00C04F79EFBC}") = "TestUnitarios", "TestUnitarios\TestUnitarios.csproj", "{539326A6-6AE4-4218-A600-E257EF7E2F06}"
EndProject
Global
	GlobalSection(SolutionConfigurationPlatforms) = preSolution
		Debug|Any CPU = Debug|Any CPU
		Release|Any CPU = Release|Any CPU
	EndGlobalSection
	GlobalSection(ProjectConfigurationPlatforms) = postSolution
		{FB7E29BF-F747-4B28-B598-E7267BB739DF}.Debug|Any CPU.ActiveCfg = Debug|Any CPU
		{FB7E29BF-F747-4B28-B598-E7267BB739DF}.Debug|Any CPU.Build.0 = Debug|Any CPU
		{FB7E29BF-F747-4B28-B598-E7267BB739DF}.Release|Any CPU.ActiveCfg = Release|Any CPU
		{FB7E29BF-F747-4B28-B598-E7267BB739DF}.Release|Any CPU.Build.0 = Release|Any CPU
		{96E14F36-86A5-4F88-82A6-CF30B357D93A}.Debug|Any CPU.ActiveCfg = Debug|Any CPU
		{96E14F36-86A5-4F88-82A6-CF30B357D93A}.Debug|Any CPU.Build.0 = Debug|Any CPU
		{96E14F36-86A5-4F88-82A6-CF30B357D93A}.Release|Any CPU.ActiveCfg = Release|Any CPU
		{96E14F36-86A5-4F88-82A6-CF30B357D93A}.Release|Any CPU.Build.0 = Release|Any CPU
		{A4CDB5AA-E9FF-4323-B822-11D52C21B309}.Debug|Any CPU.ActiveCfg = Debug|Any CPU
		{A4CDB5AA-E9FF-4323-B822-11D52C21B309}.Debug|Any CPU.Build.0 = Debug|Any CPU
		{A4CDB5AA-E9FF-4323-B822-11D52C21B309}.Release|Any CPU.ActiveCfg = Release|Any CPU
		{A4CDB5AA-E9FF-4323-B822-11D52C21B309}.Release|Any CPU.Build.0 = Release|Any CPU
		{C473D2DE-2259-4C1D-BA73-2B32E1DA88D2}.Debug|Any CPU.ActiveCfg = Debug|Any CPU
		{C473D2DE-2259-4C1D-BA73-2B32E1DA88D2}.Debug|Any CPU.Build.0 = Debug|Any CPU
		{C473D2DE-2259-4C1D-BA73-2B32E1DA88D2}.Release|Any CPU.ActiveCfg = Release|Any CPU
		{C473D2DE-2259-4C1D-BA73-2B32E1DA88D2}.Release|Any CPU.Build.0 = Release|Any CPU
		{0255E131-E0CD-45D9-A55B-DD054975F0D7}.Debug|Any CPU.ActiveCfg = Debug|Any CPU
		{0255E131-E0CD-45D9-A55B-DD054975F0D7}.Debug|Any CPU.Build.0 = Debug|Any CPU
		{0255E131-E0CD-45D9-A55B-DD054975F0D7}.Release|Any CPU.ActiveCfg = Release|Any CPU
		{0255E131-E0CD-45D9-A55B-DD054975F0D7}.Release|Any CPU.Build.0 = Release|Any CPU
		{539326A6-6AE4-4218-A600-E257EF7E2F06}.Debug|Any CPU.ActiveCfg = Debug|Any CPU
		{539326A6-6AE4-4218-A600-E257EF7E2F06}.Debug|Any CPU.Build.0 = Debug|Any CPU
		{539326A6-6AE4-4218-A600-E257EF7E2F06}.Release|Any CPU.ActiveCfg = Release|Any CPU
		{539326A6-6AE4-4218-A600-E257EF7E2F06}.Release|Any CPU.Build.0 = Release|Any CPU
	EndGlobalSection
	GlobalSection(SolutionProperties) = preSolution
		HideSolutionNode = FALSE
	EndGlobalSection
	GlobalSection(ExtensibilityGlobals) = postSolution
		SolutionGuid = {18C971FE-CB53-43CA-A928-5736E5D02CF9}
	EndGlobalSection
EndGlobal
